// !$*UTF8*$!
{
	archiveVersion = 1;
	classes = {
	};
	objectVersion = 56;
	objects = {

/* Begin PBXBuildFile section */
		4002E2FD2C941BD5005CD3D0 /* ProfileView.swift in Sources */ = {isa = PBXBuildFile; fileRef = 4002E2FC2C941BD5005CD3D0 /* ProfileView.swift */; };
		4002E3012C941C1B005CD3D0 /* NewItemView.swift in Sources */ = {isa = PBXBuildFile; fileRef = 4002E3002C941C1B005CD3D0 /* NewItemView.swift */; };
		4002E3032C941C37005CD3D0 /* LoginView.swift in Sources */ = {isa = PBXBuildFile; fileRef = 4002E3022C941C37005CD3D0 /* LoginView.swift */; };
		4002E3052C941C50005CD3D0 /* RegisterView.swift in Sources */ = {isa = PBXBuildFile; fileRef = 4002E3042C941C50005CD3D0 /* RegisterView.swift */; };
		4002E3072C941C92005CD3D0 /* ToDoListItemView.swift in Sources */ = {isa = PBXBuildFile; fileRef = 4002E3062C941C92005CD3D0 /* ToDoListItemView.swift */; };
		4002E3092C941CD1005CD3D0 /* User.swift in Sources */ = {isa = PBXBuildFile; fileRef = 4002E3082C941CD1005CD3D0 /* User.swift */; };
		4002E30B2C941CEE005CD3D0 /* ToDoListItem.swift in Sources */ = {isa = PBXBuildFile; fileRef = 4002E30A2C941CEE005CD3D0 /* ToDoListItem.swift */; };
		4002E30D2C941D80005CD3D0 /* MainViewViewModel.swift in Sources */ = {isa = PBXBuildFile; fileRef = 4002E30C2C941D80005CD3D0 /* MainViewViewModel.swift */; };
		4002E30F2C941D93005CD3D0 /* ProfileViewViewModel.swift in Sources */ = {isa = PBXBuildFile; fileRef = 4002E30E2C941D93005CD3D0 /* ProfileViewViewModel.swift */; };
		4002E3112C941DC4005CD3D0 /* ToDoListViewViewModel.swift in Sources */ = {isa = PBXBuildFile; fileRef = 4002E3102C941DC4005CD3D0 /* ToDoListViewViewModel.swift */; };
		4002E3132C941DE8005CD3D0 /* NewItemViewViewModel.swift in Sources */ = {isa = PBXBuildFile; fileRef = 4002E3122C941DE8005CD3D0 /* NewItemViewViewModel.swift */; };
		4002E3152C941E03005CD3D0 /* LoginViewViewModel.swift in Sources */ = {isa = PBXBuildFile; fileRef = 4002E3142C941E03005CD3D0 /* LoginViewViewModel.swift */; };
		4002E3172C941E13005CD3D0 /* RegisterViewViewModel.swift in Sources */ = {isa = PBXBuildFile; fileRef = 4002E3162C941E13005CD3D0 /* RegisterViewViewModel.swift */; };
		4002E3192C941E2B005CD3D0 /* ToDoListItemViewViewModel.swift in Sources */ = {isa = PBXBuildFile; fileRef = 4002E3182C941E2B005CD3D0 /* ToDoListItemViewViewModel.swift */; };
		4002E31B2C962D75005CD3D0 /* HeaderView.swift in Sources */ = {isa = PBXBuildFile; fileRef = 4002E31A2C962D75005CD3D0 /* HeaderView.swift */; };
		4002E31D2C963CBA005CD3D0 /* TLButton.swift in Sources */ = {isa = PBXBuildFile; fileRef = 4002E31C2C963CBA005CD3D0 /* TLButton.swift */; };
		4002E31F2C96534F005CD3D0 /* Extensions.swift in Sources */ = {isa = PBXBuildFile; fileRef = 4002E31E2C96534F005CD3D0 /* Extensions.swift */; };
		4002E3212C96643B005CD3D0 /* ToDoListView.swift in Sources */ = {isa = PBXBuildFile; fileRef = 4002E3202C96643B005CD3D0 /* ToDoListView.swift */; };
		40E351B32C940D19003F056B /* ToDoListApp.swift in Sources */ = {isa = PBXBuildFile; fileRef = 40E351B22C940D19003F056B /* ToDoListApp.swift */; };
		40E351B52C940D19003F056B /* MainView.swift in Sources */ = {isa = PBXBuildFile; fileRef = 40E351B42C940D19003F056B /* MainView.swift */; };
		40E351B72C940D1E003F056B /* Assets.xcassets in Resources */ = {isa = PBXBuildFile; fileRef = 40E351B62C940D1E003F056B /* Assets.xcassets */; };
		40E351BA2C940D1E003F056B /* Preview Assets.xcassets in Resources */ = {isa = PBXBuildFile; fileRef = 40E351B92C940D1E003F056B /* Preview Assets.xcassets */; };
		40E351C22C9410EA003F056B /* FirebaseAnalytics in Frameworks */ = {isa = PBXBuildFile; productRef = 40E351C12C9410EA003F056B /* FirebaseAnalytics */; };
		40E351C42C9410EA003F056B /* FirebaseAuth in Frameworks */ = {isa = PBXBuildFile; productRef = 40E351C32C9410EA003F056B /* FirebaseAuth */; };
		40E351C62C9410EA003F056B /* FirebaseFirestore in Frameworks */ = {isa = PBXBuildFile; productRef = 40E351C52C9410EA003F056B /* FirebaseFirestore */; };
		40E351C82C9411F6003F056B /* GoogleService-Info.plist in Resources */ = {isa = PBXBuildFile; fileRef = 40E351C72C9411F5003F056B /* GoogleService-Info.plist */; };
/* End PBXBuildFile section */

/* Begin PBXFileReference section */
		4002E2FC2C941BD5005CD3D0 /* ProfileView.swift */ = {isa = PBXFileReference; lastKnownFileType = sourcecode.swift; path = ProfileView.swift; sourceTree = "<group>"; };
		4002E3002C941C1B005CD3D0 /* NewItemView.swift */ = {isa = PBXFileReference; lastKnownFileType = sourcecode.swift; path = NewItemView.swift; sourceTree = "<group>"; };
		4002E3022C941C37005CD3D0 /* LoginView.swift */ = {isa = PBXFileReference; lastKnownFileType = sourcecode.swift; path = LoginView.swift; sourceTree = "<group>"; };
		4002E3042C941C50005CD3D0 /* RegisterView.swift */ = {isa = PBXFileReference; lastKnownFileType = sourcecode.swift; path = RegisterView.swift; sourceTree = "<group>"; };
		4002E3062C941C92005CD3D0 /* ToDoListItemView.swift */ = {isa = PBXFileReference; lastKnownFileType = sourcecode.swift; path = ToDoListItemView.swift; sourceTree = "<group>"; };
		4002E3082C941CD1005CD3D0 /* User.swift */ = {isa = PBXFileReference; lastKnownFileType = sourcecode.swift; path = User.swift; sourceTree = "<group>"; };
		4002E30A2C941CEE005CD3D0 /* ToDoListItem.swift */ = {isa = PBXFileReference; lastKnownFileType = sourcecode.swift; path = ToDoListItem.swift; sourceTree = "<group>"; };
		4002E30C2C941D80005CD3D0 /* MainViewViewModel.swift */ = {isa = PBXFileReference; lastKnownFileType = sourcecode.swift; path = MainViewViewModel.swift; sourceTree = "<group>"; };
		4002E30E2C941D93005CD3D0 /* ProfileViewViewModel.swift */ = {isa = PBXFileReference; lastKnownFileType = sourcecode.swift; path = ProfileViewViewModel.swift; sourceTree = "<group>"; };
		4002E3102C941DC4005CD3D0 /* ToDoListViewViewModel.swift */ = {isa = PBXFileReference; lastKnownFileType = sourcecode.swift; path = ToDoListViewViewModel.swift; sourceTree = "<group>"; };
		4002E3122C941DE8005CD3D0 /* NewItemViewViewModel.swift */ = {isa = PBXFileReference; lastKnownFileType = sourcecode.swift; path = NewItemViewViewModel.swift; sourceTree = "<group>"; };
		4002E3142C941E03005CD3D0 /* LoginViewViewModel.swift */ = {isa = PBXFileReference; lastKnownFileType = sourcecode.swift; path = LoginViewViewModel.swift; sourceTree = "<group>"; };
		4002E3162C941E13005CD3D0 /* RegisterViewViewModel.swift */ = {isa = PBXFileReference; lastKnownFileType = sourcecode.swift; path = RegisterViewViewModel.swift; sourceTree = "<group>"; };
		4002E3182C941E2B005CD3D0 /* ToDoListItemViewViewModel.swift */ = {isa = PBXFileReference; lastKnownFileType = sourcecode.swift; path = ToDoListItemViewViewModel.swift; sourceTree = "<group>"; };
		4002E31A2C962D75005CD3D0 /* HeaderView.swift */ = {isa = PBXFileReference; lastKnownFileType = sourcecode.swift; path = HeaderView.swift; sourceTree = "<group>"; };
		4002E31C2C963CBA005CD3D0 /* TLButton.swift */ = {isa = PBXFileReference; lastKnownFileType = sourcecode.swift; path = TLButton.swift; sourceTree = "<group>"; };
		4002E31E2C96534F005CD3D0 /* Extensions.swift */ = {isa = PBXFileReference; lastKnownFileType = sourcecode.swift; path = Extensions.swift; sourceTree = "<group>"; };
		4002E3202C96643B005CD3D0 /* ToDoListView.swift */ = {isa = PBXFileReference; lastKnownFileType = sourcecode.swift; path = ToDoListView.swift; sourceTree = "<group>"; };
		40E351AF2C940D19003F056B /* ToDoList.app */ = {isa = PBXFileReference; explicitFileType = wrapper.application; includeInIndex = 0; path = ToDoList.app; sourceTree = BUILT_PRODUCTS_DIR; };
		40E351B22C940D19003F056B /* ToDoListApp.swift */ = {isa = PBXFileReference; lastKnownFileType = sourcecode.swift; path = ToDoListApp.swift; sourceTree = "<group>"; };
		40E351B42C940D19003F056B /* MainView.swift */ = {isa = PBXFileReference; lastKnownFileType = sourcecode.swift; path = MainView.swift; sourceTree = "<group>"; };
		40E351B62C940D1E003F056B /* Assets.xcassets */ = {isa = PBXFileReference; lastKnownFileType = folder.assetcatalog; path = Assets.xcassets; sourceTree = "<group>"; };
		40E351B92C940D1E003F056B /* Preview Assets.xcassets */ = {isa = PBXFileReference; lastKnownFileType = folder.assetcatalog; path = "Preview Assets.xcassets"; sourceTree = "<group>"; };
		40E351C72C9411F5003F056B /* GoogleService-Info.plist */ = {isa = PBXFileReference; fileEncoding = 4; lastKnownFileType = text.plist.xml; path = "GoogleService-Info.plist"; sourceTree = "<group>"; };
/* End PBXFileReference section */

/* Begin PBXFrameworksBuildPhase section */
		40E351AC2C940D19003F056B /* Frameworks */ = {
			isa = PBXFrameworksBuildPhase;
			buildActionMask = 2147483647;
			files = (
				40E351C22C9410EA003F056B /* FirebaseAnalytics in Frameworks */,
				40E351C42C9410EA003F056B /* FirebaseAuth in Frameworks */,
				40E351C62C9410EA003F056B /* FirebaseFirestore in Frameworks */,
			);
			runOnlyForDeploymentPostprocessing = 0;
		};
/* End PBXFrameworksBuildPhase section */

/* Begin PBXGroup section */
		40E351A62C940D19003F056B = {
			isa = PBXGroup;
			children = (
				40E351B12C940D19003F056B /* ToDoList */,
				40E351B02C940D19003F056B /* Products */,
			);
			sourceTree = "<group>";
		};
		40E351B02C940D19003F056B /* Products */ = {
			isa = PBXGroup;
			children = (
				40E351AF2C940D19003F056B /* ToDoList.app */,
			);
			name = Products;
			sourceTree = "<group>";
		};
		40E351B12C940D19003F056B /* ToDoList */ = {
			isa = PBXGroup;
			children = (
				40E351CC2C9413F5003F056B /* Other */,
				40E351CB2C9413E8003F056B /* Models */,
				40E351CA2C9413DD003F056B /* ViewModels */,
				40E351C92C9413A1003F056B /* Views */,
				40E351B82C940D1E003F056B /* Preview Content */,
			);
			path = ToDoList;
			sourceTree = "<group>";
		};
		40E351B82C940D1E003F056B /* Preview Content */ = {
			isa = PBXGroup;
			children = (
				40E351B92C940D1E003F056B /* Preview Assets.xcassets */,
			);
			path = "Preview Content";
			sourceTree = "<group>";
		};
		40E351C92C9413A1003F056B /* Views */ = {
			isa = PBXGroup;
			children = (
				40E351B42C940D19003F056B /* MainView.swift */,
				4002E2FC2C941BD5005CD3D0 /* ProfileView.swift */,
				4002E3202C96643B005CD3D0 /* ToDoListView.swift */,
				4002E3002C941C1B005CD3D0 /* NewItemView.swift */,
				4002E3022C941C37005CD3D0 /* LoginView.swift */,
				4002E3042C941C50005CD3D0 /* RegisterView.swift */,
				4002E3062C941C92005CD3D0 /* ToDoListItemView.swift */,
				4002E31A2C962D75005CD3D0 /* HeaderView.swift */,
				4002E31C2C963CBA005CD3D0 /* TLButton.swift */,
			);
			path = Views;
			sourceTree = "<group>";
		};
		40E351CA2C9413DD003F056B /* ViewModels */ = {
			isa = PBXGroup;
			children = (
				4002E30C2C941D80005CD3D0 /* MainViewViewModel.swift */,
				4002E30E2C941D93005CD3D0 /* ProfileViewViewModel.swift */,
				4002E3102C941DC4005CD3D0 /* ToDoListViewViewModel.swift */,
				4002E3122C941DE8005CD3D0 /* NewItemViewViewModel.swift */,
				4002E3142C941E03005CD3D0 /* LoginViewViewModel.swift */,
				4002E3162C941E13005CD3D0 /* RegisterViewViewModel.swift */,
				4002E3182C941E2B005CD3D0 /* ToDoListItemViewViewModel.swift */,
			);
			path = ViewModels;
			sourceTree = "<group>";
		};
		40E351CB2C9413E8003F056B /* Models */ = {
			isa = PBXGroup;
			children = (
				4002E3082C941CD1005CD3D0 /* User.swift */,
				4002E30A2C941CEE005CD3D0 /* ToDoListItem.swift */,
			);
			path = Models;
			sourceTree = "<group>";
		};
		40E351CC2C9413F5003F056B /* Other */ = {
			isa = PBXGroup;
			children = (
				40E351B62C940D1E003F056B /* Assets.xcassets */,
				40E351B22C940D19003F056B /* ToDoListApp.swift */,
				40E351C72C9411F5003F056B /* GoogleService-Info.plist */,
				4002E31E2C96534F005CD3D0 /* Extensions.swift */,
			);
			path = Other;
			sourceTree = "<group>";
		};
/* End PBXGroup section */

/* Begin PBXNativeTarget section */
		40E351AE2C940D19003F056B /* ToDoList */ = {
			isa = PBXNativeTarget;
			buildConfigurationList = 40E351BD2C940D1E003F056B /* Build configuration list for PBXNativeTarget "ToDoList" */;
			buildPhases = (
				40E351AB2C940D19003F056B /* Sources */,
				40E351AC2C940D19003F056B /* Frameworks */,
				40E351AD2C940D19003F056B /* Resources */,
			);
			buildRules = (
			);
			dependencies = (
			);
			name = ToDoList;
			packageProductDependencies = (
				40E351C12C9410EA003F056B /* FirebaseAnalytics */,
				40E351C32C9410EA003F056B /* FirebaseAuth */,
				40E351C52C9410EA003F056B /* FirebaseFirestore */,
			);
			productName = ToDoList;
			productReference = 40E351AF2C940D19003F056B /* ToDoList.app */;
			productType = "com.apple.product-type.application";
		};
/* End PBXNativeTarget section */

/* Begin PBXProject section */
		40E351A72C940D19003F056B /* Project object */ = {
			isa = PBXProject;
			attributes = {
				BuildIndependentTargetsInParallel = 1;
				LastSwiftUpdateCheck = 1540;
				LastUpgradeCheck = 1540;
				TargetAttributes = {
					40E351AE2C940D19003F056B = {
						CreatedOnToolsVersion = 15.4;
					};
				};
			};
			buildConfigurationList = 40E351AA2C940D19003F056B /* Build configuration list for PBXProject "ToDoList" */;
			compatibilityVersion = "Xcode 14.0";
			developmentRegion = en;
			hasScannedForEncodings = 0;
			knownRegions = (
				en,
				Base,
			);
			mainGroup = 40E351A62C940D19003F056B;
			packageReferences = (
				40E351C02C9410EA003F056B /* XCRemoteSwiftPackageReference "firebase-ios-sdk" */,
			);
			productRefGroup = 40E351B02C940D19003F056B /* Products */;
			projectDirPath = "";
			projectRoot = "";
			targets = (
				40E351AE2C940D19003F056B /* ToDoList */,
			);
		};
/* End PBXProject section */

/* Begin PBXResourcesBuildPhase section */
		40E351AD2C940D19003F056B /* Resources */ = {
			isa = PBXResourcesBuildPhase;
			buildActionMask = 2147483647;
			files = (
				40E351BA2C940D1E003F056B /* Preview Assets.xcassets in Resources */,
				40E351B72C940D1E003F056B /* Assets.xcassets in Resources */,
				40E351C82C9411F6003F056B /* GoogleService-Info.plist in Resources */,
			);
			runOnlyForDeploymentPostprocessing = 0;
		};
/* End PBXResourcesBuildPhase section */

/* Begin PBXSourcesBuildPhase section */
		40E351AB2C940D19003F056B /* Sources */ = {
			isa = PBXSourcesBuildPhase;
			buildActionMask = 2147483647;
			files = (
				4002E3032C941C37005CD3D0 /* LoginView.swift in Sources */,
				4002E31B2C962D75005CD3D0 /* HeaderView.swift in Sources */,
				40E351B52C940D19003F056B /* MainView.swift in Sources */,
				4002E3172C941E13005CD3D0 /* RegisterViewViewModel.swift in Sources */,
				4002E30D2C941D80005CD3D0 /* MainViewViewModel.swift in Sources */,
				4002E3212C96643B005CD3D0 /* ToDoListView.swift in Sources */,
				4002E3052C941C50005CD3D0 /* RegisterView.swift in Sources */,
				4002E31D2C963CBA005CD3D0 /* TLButton.swift in Sources */,
				4002E30F2C941D93005CD3D0 /* ProfileViewViewModel.swift in Sources */,
				4002E2FD2C941BD5005CD3D0 /* ProfileView.swift in Sources */,
				4002E3092C941CD1005CD3D0 /* User.swift in Sources */,
				4002E3072C941C92005CD3D0 /* ToDoListItemView.swift in Sources */,
				4002E3112C941DC4005CD3D0 /* ToDoListViewViewModel.swift in Sources */,
				4002E3152C941E03005CD3D0 /* LoginViewViewModel.swift in Sources */,
				40E351B32C940D19003F056B /* ToDoListApp.swift in Sources */,
				4002E31F2C96534F005CD3D0 /* Extensions.swift in Sources */,
				4002E30B2C941CEE005CD3D0 /* ToDoListItem.swift in Sources */,
				4002E3012C941C1B005CD3D0 /* NewItemView.swift in Sources */,
				4002E3132C941DE8005CD3D0 /* NewItemViewViewModel.swift in Sources */,
				4002E3192C941E2B005CD3D0 /* ToDoListItemViewViewModel.swift in Sources */,
			);
			runOnlyForDeploymentPostprocessing = 0;
		};
/* End PBXSourcesBuildPhase section */

/* Begin XCBuildConfiguration section */
		40E351BB2C940D1E003F056B /* Debug */ = {
			isa = XCBuildConfiguration;
			buildSettings = {
				ALWAYS_SEARCH_USER_PATHS = NO;
				ASSETCATALOG_COMPILER_GENERATE_SWIFT_ASSET_SYMBOL_EXTENSIONS = YES;
				CLANG_ANALYZER_NONNULL = YES;
				CLANG_ANALYZER_NUMBER_OBJECT_CONVERSION = YES_AGGRESSIVE;
				CLANG_CXX_LANGUAGE_STANDARD = "gnu++20";
				CLANG_ENABLE_MODULES = YES;
				CLANG_ENABLE_OBJC_ARC = YES;
				CLANG_ENABLE_OBJC_WEAK = YES;
				CLANG_WARN_BLOCK_CAPTURE_AUTORELEASING = YES;
				CLANG_WARN_BOOL_CONVERSION = YES;
				CLANG_WARN_COMMA = YES;
				CLANG_WARN_CONSTANT_CONVERSION = YES;
				CLANG_WARN_DEPRECATED_OBJC_IMPLEMENTATIONS = YES;
				CLANG_WARN_DIRECT_OBJC_ISA_USAGE = YES_ERROR;
				CLANG_WARN_DOCUMENTATION_COMMENTS = YES;
				CLANG_WARN_EMPTY_BODY = YES;
				CLANG_WARN_ENUM_CONVERSION = YES;
				CLANG_WARN_INFINITE_RECURSION = YES;
				CLANG_WARN_INT_CONVERSION = YES;
				CLANG_WARN_NON_LITERAL_NULL_CONVERSION = YES;
				CLANG_WARN_OBJC_IMPLICIT_RETAIN_SELF = YES;
				CLANG_WARN_OBJC_LITERAL_CONVERSION = YES;
				CLANG_WARN_OBJC_ROOT_CLASS = YES_ERROR;
				CLANG_WARN_QUOTED_INCLUDE_IN_FRAMEWORK_HEADER = YES;
				CLANG_WARN_RANGE_LOOP_ANALYSIS = YES;
				CLANG_WARN_STRICT_PROTOTYPES = YES;
				CLANG_WARN_SUSPICIOUS_MOVE = YES;
				CLANG_WARN_UNGUARDED_AVAILABILITY = YES_AGGRESSIVE;
				CLANG_WARN_UNREACHABLE_CODE = YES;
				CLANG_WARN__DUPLICATE_METHOD_MATCH = YES;
				COPY_PHASE_STRIP = NO;
				DEBUG_INFORMATION_FORMAT = dwarf;
				ENABLE_STRICT_OBJC_MSGSEND = YES;
				ENABLE_TESTABILITY = YES;
				ENABLE_USER_SCRIPT_SANDBOXING = YES;
				GCC_C_LANGUAGE_STANDARD = gnu17;
				GCC_DYNAMIC_NO_PIC = NO;
				GCC_NO_COMMON_BLOCKS = YES;
				GCC_OPTIMIZATION_LEVEL = 0;
				GCC_PREPROCESSOR_DEFINITIONS = (
					"DEBUG=1",
					"$(inherited)",
				);
				GCC_WARN_64_TO_32_BIT_CONVERSION = YES;
				GCC_WARN_ABOUT_RETURN_TYPE = YES_ERROR;
				GCC_WARN_UNDECLARED_SELECTOR = YES;
				GCC_WARN_UNINITIALIZED_AUTOS = YES_AGGRESSIVE;
				GCC_WARN_UNUSED_FUNCTION = YES;
				GCC_WARN_UNUSED_VARIABLE = YES;
				IPHONEOS_DEPLOYMENT_TARGET = 17.5;
				LOCALIZATION_PREFERS_STRING_CATALOGS = YES;
				MTL_ENABLE_DEBUG_INFO = INCLUDE_SOURCE;
				MTL_FAST_MATH = YES;
				ONLY_ACTIVE_ARCH = YES;
				SDKROOT = iphoneos;
				SWIFT_ACTIVE_COMPILATION_CONDITIONS = "DEBUG $(inherited)";
				SWIFT_OPTIMIZATION_LEVEL = "-Onone";
			};
			name = Debug;
		};
		40E351BC2C940D1E003F056B /* Release */ = {
			isa = XCBuildConfiguration;
			buildSettings = {
				ALWAYS_SEARCH_USER_PATHS = NO;
				ASSETCATALOG_COMPILER_GENERATE_SWIFT_ASSET_SYMBOL_EXTENSIONS = YES;
				CLANG_ANALYZER_NONNULL = YES;
				CLANG_ANALYZER_NUMBER_OBJECT_CONVERSION = YES_AGGRESSIVE;
				CLANG_CXX_LANGUAGE_STANDARD = "gnu++20";
				CLANG_ENABLE_MODULES = YES;
				CLANG_ENABLE_OBJC_ARC = YES;
				CLANG_ENABLE_OBJC_WEAK = YES;
				CLANG_WARN_BLOCK_CAPTURE_AUTORELEASING = YES;
				CLANG_WARN_BOOL_CONVERSION = YES;
				CLANG_WARN_COMMA = YES;
				CLANG_WARN_CONSTANT_CONVERSION = YES;
				CLANG_WARN_DEPRECATED_OBJC_IMPLEMENTATIONS = YES;
				CLANG_WARN_DIRECT_OBJC_ISA_USAGE = YES_ERROR;
				CLANG_WARN_DOCUMENTATION_COMMENTS = YES;
				CLANG_WARN_EMPTY_BODY = YES;
				CLANG_WARN_ENUM_CONVERSION = YES;
				CLANG_WARN_INFINITE_RECURSION = YES;
				CLANG_WARN_INT_CONVERSION = YES;
				CLANG_WARN_NON_LITERAL_NULL_CONVERSION = YES;
				CLANG_WARN_OBJC_IMPLICIT_RETAIN_SELF = YES;
				CLANG_WARN_OBJC_LITERAL_CONVERSION = YES;
				CLANG_WARN_OBJC_ROOT_CLASS = YES_ERROR;
				CLANG_WARN_QUOTED_INCLUDE_IN_FRAMEWORK_HEADER = YES;
				CLANG_WARN_RANGE_LOOP_ANALYSIS = YES;
				CLANG_WARN_STRICT_PROTOTYPES = YES;
				CLANG_WARN_SUSPICIOUS_MOVE = YES;
				CLANG_WARN_UNGUARDED_AVAILABILITY = YES_AGGRESSIVE;
				CLANG_WARN_UNREACHABLE_CODE = YES;
				CLANG_WARN__DUPLICATE_METHOD_MATCH = YES;
				COPY_PHASE_STRIP = NO;
				DEBUG_INFORMATION_FORMAT = "dwarf-with-dsym";
				ENABLE_NS_ASSERTIONS = NO;
				ENABLE_STRICT_OBJC_MSGSEND = YES;
				ENABLE_USER_SCRIPT_SANDBOXING = YES;
				GCC_C_LANGUAGE_STANDARD = gnu17;
				GCC_NO_COMMON_BLOCKS = YES;
				GCC_WARN_64_TO_32_BIT_CONVERSION = YES;
				GCC_WARN_ABOUT_RETURN_TYPE = YES_ERROR;
				GCC_WARN_UNDECLARED_SELECTOR = YES;
				GCC_WARN_UNINITIALIZED_AUTOS = YES_AGGRESSIVE;
				GCC_WARN_UNUSED_FUNCTION = YES;
				GCC_WARN_UNUSED_VARIABLE = YES;
				IPHONEOS_DEPLOYMENT_TARGET = 17.5;
				LOCALIZATION_PREFERS_STRING_CATALOGS = YES;
				MTL_ENABLE_DEBUG_INFO = NO;
				MTL_FAST_MATH = YES;
				SDKROOT = iphoneos;
				SWIFT_COMPILATION_MODE = wholemodule;
				VALIDATE_PRODUCT = YES;
			};
			name = Release;
		};
		40E351BE2C940D1E003F056B /* Debug */ = {
			isa = XCBuildConfiguration;
			buildSettings = {
				ASSETCATALOG_COMPILER_APPICON_NAME = AppIcon;
				ASSETCATALOG_COMPILER_GLOBAL_ACCENT_COLOR_NAME = AccentColor;
				CODE_SIGN_STYLE = Automatic;
				CURRENT_PROJECT_VERSION = 1;
				DEVELOPMENT_ASSET_PATHS = "\"ToDoList/Preview Content\"";
				ENABLE_PREVIEWS = YES;
				GENERATE_INFOPLIST_FILE = YES;
				INFOPLIST_KEY_CFBundleDisplayName = "To Do List";
				INFOPLIST_KEY_UIApplicationSceneManifest_Generation = YES;
				INFOPLIST_KEY_UIApplicationSupportsIndirectInputEvents = YES;
				INFOPLIST_KEY_UILaunchScreen_Generation = YES;
				INFOPLIST_KEY_UISupportedInterfaceOrientations = UIInterfaceOrientationPortrait;
				LD_RUNPATH_SEARCH_PATHS = (
					"$(inherited)",
					"@executable_path/Frameworks",
				);
				MARKETING_VERSION = 1.0;
				PRODUCT_BUNDLE_IDENTIFIER = com.hesipeng.ToDoList;
				PRODUCT_NAME = "$(TARGET_NAME)";
				SWIFT_EMIT_LOC_STRINGS = YES;
				SWIFT_VERSION = 5.0;
				TARGETED_DEVICE_FAMILY = "1,2";
			};
			name = Debug;
		};
		40E351BF2C940D1E003F056B /* Release */ = {
			isa = XCBuildConfiguration;
			buildSettings = {
				ASSETCATALOG_COMPILER_APPICON_NAME = AppIcon;
				ASSETCATALOG_COMPILER_GLOBAL_ACCENT_COLOR_NAME = AccentColor;
				CODE_SIGN_STYLE = Automatic;
				CURRENT_PROJECT_VERSION = 1;
				DEVELOPMENT_ASSET_PATHS = "\"ToDoList/Preview Content\"";
				ENABLE_PREVIEWS = YES;
				GENERATE_INFOPLIST_FILE = YES;
				INFOPLIST_KEY_CFBundleDisplayName = "To Do List";
				INFOPLIST_KEY_UIApplicationSceneManifest_Generation = YES;
				INFOPLIST_KEY_UIApplicationSupportsIndirectInputEvents = YES;
				INFOPLIST_KEY_UILaunchScreen_Generation = YES;
				INFOPLIST_KEY_UISupportedInterfaceOrientations = UIInterfaceOrientationPortrait;
				LD_RUNPATH_SEARCH_PATHS = (
					"$(inherited)",
					"@executable_path/Frameworks",
				);
				MARKETING_VERSION = 1.0;
				PRODUCT_BUNDLE_IDENTIFIER = com.hesipeng.ToDoList;
				PRODUCT_NAME = "$(TARGET_NAME)";
				SWIFT_EMIT_LOC_STRINGS = YES;
				SWIFT_VERSION = 5.0;
				TARGETED_DEVICE_FAMILY = "1,2";
			};
			name = Release;
		};
/* End XCBuildConfiguration section */

/* Begin XCConfigurationList section */
		40E351AA2C940D19003F056B /* Build configuration list for PBXProject "ToDoList" */ = {
			isa = XCConfigurationList;
			buildConfigurations = (
				40E351BB2C940D1E003F056B /* Debug */,
				40E351BC2C940D1E003F056B /* Release */,
			);
			defaultConfigurationIsVisible = 0;
			defaultConfigurationName = Release;
		};
		40E351BD2C940D1E003F056B /* Build configuration list for PBXNativeTarget "ToDoList" */ = {
			isa = XCConfigurationList;
			buildConfigurations = (
				40E351BE2C940D1E003F056B /* Debug */,
				40E351BF2C940D1E003F056B /* Release */,
			);
			defaultConfigurationIsVisible = 0;
			defaultConfigurationName = Release;
		};
/* End XCConfigurationList section */

/* Begin XCRemoteSwiftPackageReference section */
		40E351C02C9410EA003F056B /* XCRemoteSwiftPackageReference "firebase-ios-sdk" */ = {
			isa = XCRemoteSwiftPackageReference;
			repositoryURL = "https://github.com/firebase/firebase-ios-sdk";
			requirement = {
				kind = upToNextMajorVersion;
				minimumVersion = 11.2.0;
			};
		};
/* End XCRemoteSwiftPackageReference section */

/* Begin XCSwiftPackageProductDependency section */
		40E351C12C9410EA003F056B /* FirebaseAnalytics */ = {
			isa = XCSwiftPackageProductDependency;
			package = 40E351C02C9410EA003F056B /* XCRemoteSwiftPackageReference "firebase-ios-sdk" */;
			productName = FirebaseAnalytics;
		};
		40E351C32C9410EA003F056B /* FirebaseAuth */ = {
			isa = XCSwiftPackageProductDependency;
			package = 40E351C02C9410EA003F056B /* XCRemoteSwiftPackageReference "firebase-ios-sdk" */;
			productName = FirebaseAuth;
		};
		40E351C52C9410EA003F056B /* FirebaseFirestore */ = {
			isa = XCSwiftPackageProductDependency;
			package = 40E351C02C9410EA003F056B /* XCRemoteSwiftPackageReference "firebase-ios-sdk" */;
			productName = FirebaseFirestore;
		};
/* End XCSwiftPackageProductDependency section */
	};
	rootObject = 40E351A72C940D19003F056B /* Project object */;
}
